// !$*UTF8*$!
{
	archiveVersion = 1;
	classes = {
	};
	objectVersion = 52;
	objects = {

/* Begin PBXBuildFile section */
		9C371EE7230356CE00617B57 /* MenuTableViewController.swift in Sources */ = {isa = PBXBuildFile; fileRef = 9C371EE6230356CE00617B57 /* MenuTableViewController.swift */; };
		9CB630CA22FD510000368A0D /* AppDelegate.swift in Sources */ = {isa = PBXBuildFile; fileRef = 9CB630C922FD510000368A0D /* AppDelegate.swift */; };
		9CB630CC22FD510000368A0D /* SceneDelegate.swift in Sources */ = {isa = PBXBuildFile; fileRef = 9CB630CB22FD510000368A0D /* SceneDelegate.swift */; };
		9CB630CE22FD510000368A0D /* ViewController.swift in Sources */ = {isa = PBXBuildFile; fileRef = 9CB630CD22FD510000368A0D /* ViewController.swift */; };
		9CB630D122FD510000368A0D /* Main.storyboard in Resources */ = {isa = PBXBuildFile; fileRef = 9CB630CF22FD510000368A0D /* Main.storyboard */; };
		9CB630D322FD510100368A0D /* Assets.xcassets in Resources */ = {isa = PBXBuildFile; fileRef = 9CB630D222FD510100368A0D /* Assets.xcassets */; };
		9CB630D622FD510100368A0D /* LaunchScreen.storyboard in Resources */ = {isa = PBXBuildFile; fileRef = 9CB630D422FD510100368A0D /* LaunchScreen.storyboard */; };
		9CDF130622FD593000397C16 /* CombineDataSources in Frameworks */ = {isa = PBXBuildFile; productRef = 9CDF130522FD593000397C16 /* CombineDataSources */; };
/* End PBXBuildFile section */

/* Begin PBXFileReference section */
		9C371EE6230356CE00617B57 /* MenuTableViewController.swift */ = {isa = PBXFileReference; lastKnownFileType = sourcecode.swift; path = MenuTableViewController.swift; sourceTree = "<group>"; };
		9CB630C622FD510000368A0D /* Example.app */ = {isa = PBXFileReference; explicitFileType = wrapper.application; includeInIndex = 0; path = Example.app; sourceTree = BUILT_PRODUCTS_DIR; };
		9CB630C922FD510000368A0D /* AppDelegate.swift */ = {isa = PBXFileReference; lastKnownFileType = sourcecode.swift; path = AppDelegate.swift; sourceTree = "<group>"; };
		9CB630CB22FD510000368A0D /* SceneDelegate.swift */ = {isa = PBXFileReference; lastKnownFileType = sourcecode.swift; path = SceneDelegate.swift; sourceTree = "<group>"; };
		9CB630CD22FD510000368A0D /* ViewController.swift */ = {isa = PBXFileReference; lastKnownFileType = sourcecode.swift; path = ViewController.swift; sourceTree = "<group>"; };
		9CB630D022FD510000368A0D /* Base */ = {isa = PBXFileReference; lastKnownFileType = file.storyboard; name = Base; path = Base.lproj/Main.storyboard; sourceTree = "<group>"; };
		9CB630D222FD510100368A0D /* Assets.xcassets */ = {isa = PBXFileReference; lastKnownFileType = folder.assetcatalog; path = Assets.xcassets; sourceTree = "<group>"; };
		9CB630D522FD510100368A0D /* Base */ = {isa = PBXFileReference; lastKnownFileType = file.storyboard; name = Base; path = Base.lproj/LaunchScreen.storyboard; sourceTree = "<group>"; };
		9CB630D722FD510100368A0D /* Info.plist */ = {isa = PBXFileReference; lastKnownFileType = text.plist.xml; path = Info.plist; sourceTree = "<group>"; };
		9CB630DF22FD523B00368A0D /* CombineDataSources */ = {isa = PBXFileReference; lastKnownFileType = folder; name = CombineDataSources; path = ..; sourceTree = "<group>"; };
/* End PBXFileReference section */

/* Begin PBXFrameworksBuildPhase section */
		9CB630C322FD510000368A0D /* Frameworks */ = {
			isa = PBXFrameworksBuildPhase;
			buildActionMask = 2147483647;
			files = (
				9CDF130622FD593000397C16 /* CombineDataSources in Frameworks */,
			);
			runOnlyForDeploymentPostprocessing = 0;
		};
/* End PBXFrameworksBuildPhase section */

/* Begin PBXGroup section */
		9CB630BD22FD510000368A0D = {
			isa = PBXGroup;
			children = (
				9CB630C822FD510000368A0D /* Example */,
				9CB630C722FD510000368A0D /* Products */,
				9CB630DF22FD523B00368A0D /* CombineDataSources */,
				9CDF130422FD593000397C16 /* Frameworks */,
			);
			sourceTree = "<group>";
		};
		9CB630C722FD510000368A0D /* Products */ = {
			isa = PBXGroup;
			children = (
				9CB630C622FD510000368A0D /* Example.app */,
			);
			name = Products;
			sourceTree = "<group>";
		};
		9CB630C822FD510000368A0D /* Example */ = {
			isa = PBXGroup;
			children = (
				9CB630C922FD510000368A0D /* AppDelegate.swift */,
				9CB630CB22FD510000368A0D /* SceneDelegate.swift */,
				9C371EE6230356CE00617B57 /* MenuTableViewController.swift */,
				9CB630CD22FD510000368A0D /* ViewController.swift */,
				9CB630CF22FD510000368A0D /* Main.storyboard */,
				9CB630D222FD510100368A0D /* Assets.xcassets */,
				9CB630D422FD510100368A0D /* LaunchScreen.storyboard */,
				9CB630D722FD510100368A0D /* Info.plist */,
			);
			path = Example;
			sourceTree = "<group>";
		};
		9CDF130422FD593000397C16 /* Frameworks */ = {
			isa = PBXGroup;
			children = (
			);
			name = Frameworks;
			sourceTree = "<group>";
		};
/* End PBXGroup section */

/* Begin PBXNativeTarget section */
		9CB630C522FD510000368A0D /* Example */ = {
			isa = PBXNativeTarget;
			buildConfigurationList = 9CB630DA22FD510100368A0D /* Build configuration list for PBXNativeTarget "Example" */;
			buildPhases = (
				9CB630C222FD510000368A0D /* Sources */,
				9CB630C322FD510000368A0D /* Frameworks */,
				9CB630C422FD510000368A0D /* Resources */,
			);
			buildRules = (
			);
			dependencies = (
				9CDF130322FD592B00397C16 /* PBXTargetDependency */,
			);
			name = Example;
			packageProductDependencies = (
				9CDF130522FD593000397C16 /* CombineDataSources */,
			);
			productName = Example;
			productReference = 9CB630C622FD510000368A0D /* Example.app */;
			productType = "com.apple.product-type.application";
		};
/* End PBXNativeTarget section */

/* Begin PBXProject section */
		9CB630BE22FD510000368A0D /* Project object */ = {
			isa = PBXProject;
			attributes = {
				LastSwiftUpdateCheck = 1100;
				LastUpgradeCheck = 1100;
				ORGANIZATIONNAME = "Underplot ltd";
				TargetAttributes = {
					9CB630C522FD510000368A0D = {
						CreatedOnToolsVersion = 11.0;
					};
				};
			};
			buildConfigurationList = 9CB630C122FD510000368A0D /* Build configuration list for PBXProject "Example" */;
			compatibilityVersion = "Xcode 9.3";
			developmentRegion = en;
			hasScannedForEncodings = 0;
			knownRegions = (
				en,
				Base,
			);
			mainGroup = 9CB630BD22FD510000368A0D;
			productRefGroup = 9CB630C722FD510000368A0D /* Products */;
			projectDirPath = "";
			projectRoot = "";
			targets = (
				9CB630C522FD510000368A0D /* Example */,
			);
		};
/* End PBXProject section */

/* Begin PBXResourcesBuildPhase section */
		9CB630C422FD510000368A0D /* Resources */ = {
			isa = PBXResourcesBuildPhase;
			buildActionMask = 2147483647;
			files = (
				9CB630D622FD510100368A0D /* LaunchScreen.storyboard in Resources */,
				9CB630D322FD510100368A0D /* Assets.xcassets in Resources */,
				9CB630D122FD510000368A0D /* Main.storyboard in Resources */,
			);
			runOnlyForDeploymentPostprocessing = 0;
		};
/* End PBXResourcesBuildPhase section */

/* Begin PBXSourcesBuildPhase section */
		9CB630C222FD510000368A0D /* Sources */ = {
			isa = PBXSourcesBuildPhase;
			buildActionMask = 2147483647;
			files = (
				9C371EE7230356CE00617B57 /* MenuTableViewController.swift in Sources */,
				9CB630CE22FD510000368A0D /* ViewController.swift in Sources */,
				9CB630CA22FD510000368A0D /* AppDelegate.swift in Sources */,
				9CB630CC22FD510000368A0D /* SceneDelegate.swift in Sources */,
			);
			runOnlyForDeploymentPostprocessing = 0;
		};
/* End PBXSourcesBuildPhase section */

/* Begin PBXTargetDependency section */
		9CDF130322FD592B00397C16 /* PBXTargetDependency */ = {
			isa = PBXTargetDependency;
			productRef = 9CDF130222FD592B00397C16 /* CombineDataSources */;
		};
/* End PBXTargetDependency section */

/* Begin PBXVariantGroup section */
		9CB630CF22FD510000368A0D /* Main.storyboard */ = {
			isa = PBXVariantGroup;
			children = (
				9CB630D022FD510000368A0D /* Base */,
			);
			name = Main.storyboard;
			sourceTree = "<group>";
		};
		9CB630D422FD510100368A0D /* LaunchScreen.storyboard */ = {
			isa = PBXVariantGroup;
			children = (
				9CB630D522FD510100368A0D /* Base */,
			);
			name = LaunchScreen.storyboard;
			sourceTree = "<group>";
		};
/* End PBXVariantGroup section */

/* Begin XCBuildConfiguration section */
		9CB630D822FD510100368A0D /* Debug */ = {
			isa = XCBuildConfiguration;
			buildSettings = {
				ALWAYS_SEARCH_USER_PATHS = NO;
				CLANG_ANALYZER_NONNULL = YES;
				CLANG_ANALYZER_NUMBER_OBJECT_CONVERSION = YES_AGGRESSIVE;
				CLANG_CXX_LANGUAGE_STANDARD = "gnu++14";
				CLANG_CXX_LIBRARY = "libc++";
				CLANG_ENABLE_MODULES = YES;
				CLANG_ENABLE_OBJC_ARC = YES;
				CLANG_ENABLE_OBJC_WEAK = YES;
				CLANG_WARN_BLOCK_CAPTURE_AUTORELEASING = YES;
				CLANG_WARN_BOOL_CONVERSION = YES;
				CLANG_WARN_COMMA = YES;
				CLANG_WARN_CONSTANT_CONVERSION = YES;
				CLANG_WARN_DEPRECATED_OBJC_IMPLEMENTATIONS = YES;
				CLANG_WARN_DIRECT_OBJC_ISA_USAGE = YES_ERROR;
				CLANG_WARN_DOCUMENTATION_COMMENTS = YES;
				CLANG_WARN_EMPTY_BODY = YES;
				CLANG_WARN_ENUM_CONVERSION = YES;
				CLANG_WARN_INFINITE_RECURSION = YES;
				CLANG_WARN_INT_CONVERSION = YES;
				CLANG_WARN_NON_LITERAL_NULL_CONVERSION = YES;
				CLANG_WARN_OBJC_IMPLICIT_RETAIN_SELF = YES;
				CLANG_WARN_OBJC_LITERAL_CONVERSION = YES;
				CLANG_WARN_OBJC_ROOT_CLASS = YES_ERROR;
				CLANG_WARN_RANGE_LOOP_ANALYSIS = YES;
				CLANG_WARN_STRICT_PROTOTYPES = YES;
				CLANG_WARN_SUSPICIOUS_MOVE = YES;
				CLANG_WARN_UNGUARDED_AVAILABILITY = YES_AGGRESSIVE;
				CLANG_WARN_UNREACHABLE_CODE = YES;
				CLANG_WARN__DUPLICATE_METHOD_MATCH = YES;
				COPY_PHASE_STRIP = NO;
				DEBUG_INFORMATION_FORMAT = dwarf;
				ENABLE_STRICT_OBJC_MSGSEND = YES;
				ENABLE_TESTABILITY = YES;
				GCC_C_LANGUAGE_STANDARD = gnu11;
				GCC_DYNAMIC_NO_PIC = NO;
				GCC_NO_COMMON_BLOCKS = YES;
				GCC_OPTIMIZATION_LEVEL = 0;
				GCC_PREPROCESSOR_DEFINITIONS = (
					"DEBUG=1",
					"$(inherited)",
				);
				GCC_WARN_64_TO_32_BIT_CONVERSION = YES;
				GCC_WARN_ABOUT_RETURN_TYPE = YES_ERROR;
				GCC_WARN_UNDECLARED_SELECTOR = YES;
				GCC_WARN_UNINITIALIZED_AUTOS = YES_AGGRESSIVE;
				GCC_WARN_UNUSED_FUNCTION = YES;
				GCC_WARN_UNUSED_VARIABLE = YES;
				IPHONEOS_DEPLOYMENT_TARGET = 13.0;
				MTL_ENABLE_DEBUG_INFO = INCLUDE_SOURCE;
				MTL_FAST_MATH = YES;
				ONLY_ACTIVE_ARCH = YES;
				SDKROOT = iphoneos;
				SWIFT_ACTIVE_COMPILATION_CONDITIONS = DEBUG;
				SWIFT_OPTIMIZATION_LEVEL = "-Onone";
			};
			name = Debug;
		};
		9CB630D922FD510100368A0D /* Release */ = {
			isa = XCBuildConfiguration;
			buildSettings = {
				ALWAYS_SEARCH_USER_PATHS = NO;
				CLANG_ANALYZER_NONNULL = YES;
				CLANG_ANALYZER_NUMBER_OBJECT_CONVERSION = YES_AGGRESSIVE;
				CLANG_CXX_LANGUAGE_STANDARD = "gnu++14";
				CLANG_CXX_LIBRARY = "libc++";
				CLANG_ENABLE_MODULES = YES;
				CLANG_ENABLE_OBJC_ARC = YES;
				CLANG_ENABLE_OBJC_WEAK = YES;
				CLANG_WARN_BLOCK_CAPTURE_AUTORELEASING = YES;
				CLANG_WARN_BOOL_CONVERSION = YES;
				CLANG_WARN_COMMA = YES;
				CLANG_WARN_CONSTANT_CONVERSION = YES;
				CLANG_WARN_DEPRECATED_OBJC_IMPLEMENTATIONS = YES;
				CLANG_WARN_DIRECT_OBJC_ISA_USAGE = YES_ERROR;
				CLANG_WARN_DOCUMENTATION_COMMENTS = YES;
				CLANG_WARN_EMPTY_BODY = YES;
				CLANG_WARN_ENUM_CONVERSION = YES;
				CLANG_WARN_INFINITE_RECURSION = YES;
				CLANG_WARN_INT_CONVERSION = YES;
				CLANG_WARN_NON_LITERAL_NULL_CONVERSION = YES;
				CLANG_WARN_OBJC_IMPLICIT_RETAIN_SELF = YES;
				CLANG_WARN_OBJC_LITERAL_CONVERSION = YES;
				CLANG_WARN_OBJC_ROOT_CLASS = YES_ERROR;
				CLANG_WARN_RANGE_LOOP_ANALYSIS = YES;
				CLANG_WARN_STRICT_PROTOTYPES = YES;
				CLANG_WARN_SUSPICIOUS_MOVE = YES;
				CLANG_WARN_UNGUARDED_AVAILABILITY = YES_AGGRESSIVE;
				CLANG_WARN_UNREACHABLE_CODE = YES;
				CLANG_WARN__DUPLICATE_METHOD_MATCH = YES;
				COPY_PHASE_STRIP = NO;
				DEBUG_INFORMATION_FORMAT = "dwarf-with-dsym";
				ENABLE_NS_ASSERTIONS = NO;
				ENABLE_STRICT_OBJC_MSGSEND = YES;
				GCC_C_LANGUAGE_STANDARD = gnu11;
				GCC_NO_COMMON_BLOCKS = YES;
				GCC_WARN_64_TO_32_BIT_CONVERSION = YES;
				GCC_WARN_ABOUT_RETURN_TYPE = YES_ERROR;
				GCC_WARN_UNDECLARED_SELECTOR = YES;
				GCC_WARN_UNINITIALIZED_AUTOS = YES_AGGRESSIVE;
				GCC_WARN_UNUSED_FUNCTION = YES;
				GCC_WARN_UNUSED_VARIABLE = YES;
				IPHONEOS_DEPLOYMENT_TARGET = 13.0;
				MTL_ENABLE_DEBUG_INFO = NO;
				MTL_FAST_MATH = YES;
				SDKROOT = iphoneos;
				SWIFT_COMPILATION_MODE = wholemodule;
				SWIFT_OPTIMIZATION_LEVEL = "-O";
				VALIDATE_PRODUCT = YES;
			};
			name = Release;
		};
		9CB630DB22FD510100368A0D /* Debug */ = {
			isa = XCBuildConfiguration;
			buildSettings = {
				ASSETCATALOG_COMPILER_APPICON_NAME = AppIcon;
				CODE_SIGN_STYLE = Automatic;
				INFOPLIST_FILE = Example/Info.plist;
				LD_RUNPATH_SEARCH_PATHS = (
					"$(inherited)",
					"@executable_path/Frameworks",
				);
				PRODUCT_BUNDLE_IDENTIFIER = com.underplot.Example;
				PRODUCT_NAME = "$(TARGET_NAME)";
				SWIFT_VERSION = 5.0;
				TARGETED_DEVICE_FAMILY = 1;
			};
			name = Debug;
		};
		9CB630DC22FD510100368A0D /* Release */ = {
			isa = XCBuildConfiguration;
			buildSettings = {
				ASSETCATALOG_COMPILER_APPICON_NAME = AppIcon;
				CODE_SIGN_STYLE = Automatic;
				INFOPLIST_FILE = Example/Info.plist;
				LD_RUNPATH_SEARCH_PATHS = (
					"$(inherited)",
					"@executable_path/Frameworks",
				);
				PRODUCT_BUNDLE_IDENTIFIER = com.underplot.Example;
				PRODUCT_NAME = "$(TARGET_NAME)";
				SWIFT_VERSION = 5.0;
				TARGETED_DEVICE_FAMILY = 1;
			};
			name = Release;
		};
/* End XCBuildConfiguration section */

/* Begin XCConfigurationList section */
		9CB630C122FD510000368A0D /* Build configuration list for PBXProject "Example" */ = {
			isa = XCConfigurationList;
			buildConfigurations = (
				9CB630D822FD510100368A0D /* Debug */,
				9CB630D922FD510100368A0D /* Release */,
			);
			defaultConfigurationIsVisible = 0;
			defaultConfigurationName = Release;
		};
		9CB630DA22FD510100368A0D /* Build configuration list for PBXNativeTarget "Example" */ = {
			isa = XCConfigurationList;
			buildConfigurations = (
				9CB630DB22FD510100368A0D /* Debug */,
				9CB630DC22FD510100368A0D /* Release */,
			);
			defaultConfigurationIsVisible = 0;
			defaultConfigurationName = Release;
		};
/* End XCConfigurationList section */

/* Begin XCSwiftPackageProductDependency section */
		9CDF130222FD592B00397C16 /* CombineDataSources */ = {
			isa = XCSwiftPackageProductDependency;
			productName = CombineDataSources;
		};
		9CDF130522FD593000397C16 /* CombineDataSources */ = {
			isa = XCSwiftPackageProductDependency;
			productName = CombineDataSources;
		};
/* End XCSwiftPackageProductDependency section */
	};
	rootObject = 9CB630BE22FD510000368A0D /* Project object */;
}
